
Microsoft Visual Studio Solution File, Format Version 12.00
# Visual Studio Version 17
VisualStudioVersion = 17.2.32630.192
MinimumVisualStudioVersion = 10.0.40219.1
Project("{9A19103F-16F7-4668-BE54-9A1E7A4F7556}") = "R5T.F0096", "R5T.F0096\R5T.F0096.csproj", "{927ABCCD-E4B7-4C31-8DA1-D4FA7B274058}"
EndProject
Project("{2150E333-8FDC-42A3-9474-1A3956D46DE8}") = "_Dependencies", "_Dependencies", "{986FED7D-379E-462B-B5F6-B06D7A27F975}"
EndProject
Project("{9A19103F-16F7-4668-BE54-9A1E7A4F7556}") = "R5T.F0000", "..\..\R5T.F0000\source\R5T.F0000\R5T.F0000.csproj", "{37832625-A639-4444-A7A7-C8DB349D832B}"
EndProject
Project("{9A19103F-16F7-4668-BE54-9A1E7A4F7556}") = "R5T.F0029", "..\..\R5T.F0029\source\R5T.F0029\R5T.F0029.csproj", "{B19B4F0B-73B0-4A78-9295-050E6A093051}"
EndProject
Project("{9A19103F-16F7-4668-BE54-9A1E7A4F7556}") = "R5T.L0015", "..\..\R5T.L0015\source\R5T.L0015\R5T.L0015.csproj", "{F82E18DA-D017-4F97-B599-8CE9A36ACBB6}"
EndProject
Project("{9A19103F-16F7-4668-BE54-9A1E7A4F7556}") = "R5T.T0131", "..\..\R5T.T0131\source\R5T.T0131\R5T.T0131.csproj", "{44B53E5B-8DCA-4990-82BF-06C597B72BAE}"
EndProject
Project("{9A19103F-16F7-4668-BE54-9A1E7A4F7556}") = "R5T.T0132", "..\..\R5T.T0132\source\R5T.T0132\R5T.T0132.csproj", "{2D484A30-FB5E-4E1E-93EF-0F301361024E}"
EndProject
Project("{9A19103F-16F7-4668-BE54-9A1E7A4F7556}") = "R5T.T0142", "..\..\R5T.T0142\source\R5T.T0142\R5T.T0142.csproj", "{69667717-6E00-4330-9D7B-CCBC43E72004}"
EndProject
Project("{9A19103F-16F7-4668-BE54-9A1E7A4F7556}") = "R5T.T0143", "..\..\R5T.T0143\source\R5T.T0143\R5T.T0143.csproj", "{27BB00F7-1E82-44FA-8341-329CA2DFE953}"
EndProject
Project("{9A19103F-16F7-4668-BE54-9A1E7A4F7556}") = "R5T.Y0000", "..\..\R5T.Y0000\source\R5T.Y0000\R5T.Y0000.csproj", "{DE0A0A77-A0A7-48C7-87A1-600AA5E09FB1}"
EndProject
Project("{9A19103F-16F7-4668-BE54-9A1E7A4F7556}") = "R5T.Z0000", "..\..\R5T.Z0000\source\R5T.Z0000\R5T.Z0000.csproj", "{CFA858E1-E5B2-4A7E-8D87-27706AA26729}"
EndProject
Project("{9A19103F-16F7-4668-BE54-9A1E7A4F7556}") = "R5T.T0144", "..\..\R5T.T0144\source\R5T.T0144\R5T.T0144.csproj", "{B5ECD717-B010-4965-86EA-5793344A157B}"
EndProject
Global
	GlobalSection(NestedProjects) = preSolution
		{37832625-A639-4444-A7A7-C8DB349D832B} = {986FED7D-379E-462B-B5F6-B06D7A27F975}
		{B19B4F0B-73B0-4A78-9295-050E6A093051} = {986FED7D-379E-462B-B5F6-B06D7A27F975}
		{F82E18DA-D017-4F97-B599-8CE9A36ACBB6} = {986FED7D-379E-462B-B5F6-B06D7A27F975}
		{44B53E5B-8DCA-4990-82BF-06C597B72BAE} = {986FED7D-379E-462B-B5F6-B06D7A27F975}
		{2D484A30-FB5E-4E1E-93EF-0F301361024E} = {986FED7D-379E-462B-B5F6-B06D7A27F975}
		{69667717-6E00-4330-9D7B-CCBC43E72004} = {986FED7D-379E-462B-B5F6-B06D7A27F975}
		{27BB00F7-1E82-44FA-8341-329CA2DFE953} = {986FED7D-379E-462B-B5F6-B06D7A27F975}
		{DE0A0A77-A0A7-48C7-87A1-600AA5E09FB1} = {986FED7D-379E-462B-B5F6-B06D7A27F975}
		{CFA858E1-E5B2-4A7E-8D87-27706AA26729} = {986FED7D-379E-462B-B5F6-B06D7A27F975}
		{B5ECD717-B010-4965-86EA-5793344A157B} = {986FED7D-379E-462B-B5F6-B06D7A27F975}
	EndGlobalSection
	GlobalSection(SolutionConfigurationPlatforms) = preSolution
		Debug|Any CPU = Debug|Any CPU
		Release|Any CPU = Release|Any CPU
	EndGlobalSection
	GlobalSection(ProjectConfigurationPlatforms) = postSolution
		{927ABCCD-E4B7-4C31-8DA1-D4FA7B274058}.Debug|Any CPU.ActiveCfg = Debug|Any CPU
		{927ABCCD-E4B7-4C31-8DA1-D4FA7B274058}.Debug|Any CPU.Build.0 = Debug|Any CPU
		{927ABCCD-E4B7-4C31-8DA1-D4FA7B274058}.Release|Any CPU.ActiveCfg = Release|Any CPU
		{927ABCCD-E4B7-4C31-8DA1-D4FA7B274058}.Release|Any CPU.Build.0 = Release|Any CPU
		{37832625-A639-4444-A7A7-C8DB349D832B}.Debug|Any CPU.ActiveCfg = Debug|Any CPU
		{37832625-A639-4444-A7A7-C8DB349D832B}.Debug|Any CPU.Build.0 = Debug|Any CPU
		{37832625-A639-4444-A7A7-C8DB349D832B}.Release|Any CPU.ActiveCfg = Release|Any CPU
		{37832625-A639-4444-A7A7-C8DB349D832B}.Release|Any CPU.Build.0 = Release|Any CPU
		{B19B4F0B-73B0-4A78-9295-050E6A093051}.Debug|Any CPU.ActiveCfg = Debug|Any CPU
		{B19B4F0B-73B0-4A78-9295-050E6A093051}.Debug|Any CPU.Build.0 = Debug|Any CPU
		{B19B4F0B-73B0-4A78-9295-050E6A093051}.Release|Any CPU.ActiveCfg = Release|Any CPU
		{B19B4F0B-73B0-4A78-9295-050E6A093051}.Release|Any CPU.Build.0 = Release|Any CPU
		{F82E18DA-D017-4F97-B599-8CE9A36ACBB6}.Debug|Any CPU.ActiveCfg = Debug|Any CPU
		{F82E18DA-D017-4F97-B599-8CE9A36ACBB6}.Debug|Any CPU.Build.0 = Debug|Any CPU
		{F82E18DA-D017-4F97-B599-8CE9A36ACBB6}.Release|Any CPU.ActiveCfg = Release|Any CPU
		{F82E18DA-D017-4F97-B599-8CE9A36ACBB6}.Release|Any CPU.Build.0 = Release|Any CPU
		{44B53E5B-8DCA-4990-82BF-06C597B72BAE}.Debug|Any CPU.ActiveCfg = Debug|Any CPU
		{44B53E5B-8DCA-4990-82BF-06C597B72BAE}.Debug|Any CPU.Build.0 = Debug|Any CPU
		{44B53E5B-8DCA-4990-82BF-06C597B72BAE}.Release|Any CPU.ActiveCfg = Release|Any CPU
		{44B53E5B-8DCA-4990-82BF-06C597B72BAE}.Release|Any CPU.Build.0 = Release|Any CPU
		{2D484A30-FB5E-4E1E-93EF-0F301361024E}.Debug|Any CPU.ActiveCfg = Debug|Any CPU
		{2D484A30-FB5E-4E1E-93EF-0F301361024E}.Debug|Any CPU.Build.0 = Debug|Any CPU
		{2D484A30-FB5E-4E1E-93EF-0F301361024E}.Release|Any CPU.ActiveCfg = Release|Any CPU
		{2D484A30-FB5E-4E1E-93EF-0F301361024E}.Release|Any CPU.Build.0 = Release|Any CPU
		{69667717-6E00-4330-9D7B-CCBC43E72004}.Debug|Any CPU.ActiveCfg = Debug|Any CPU
		{69667717-6E00-4330-9D7B-CCBC43E72004}.Debug|Any CPU.Build.0 = Debug|Any CPU
		{69667717-6E00-4330-9D7B-CCBC43E72004}.Release|Any CPU.ActiveCfg = Release|Any CPU
		{69667717-6E00-4330-9D7B-CCBC43E72004}.Release|Any CPU.Build.0 = Release|Any CPU
		{27BB00F7-1E82-44FA-8341-329CA2DFE953}.Debug|Any CPU.ActiveCfg = Debug|Any CPU
		{27BB00F7-1E82-44FA-8341-329CA2DFE953}.Debug|Any CPU.Build.0 = Debug|Any CPU
		{27BB00F7-1E82-44FA-8341-329CA2DFE953}.Release|Any CPU.ActiveCfg = Release|Any CPU
		{27BB00F7-1E82-44FA-8341-329CA2DFE953}.Release|Any CPU.Build.0 = Release|Any CPU
		{DE0A0A77-A0A7-48C7-87A1-600AA5E09FB1}.Debug|Any CPU.ActiveCfg = Debug|Any CPU
		{DE0A0A77-A0A7-48C7-87A1-600AA5E09FB1}.Debug|Any CPU.Build.0 = Debug|Any CPU
		{DE0A0A77-A0A7-48C7-87A1-600AA5E09FB1}.Release|Any CPU.ActiveCfg = Release|Any CPU
		{DE0A0A77-A0A7-48C7-87A1-600AA5E09FB1}.Release|Any CPU.Build.0 = Release|Any CPU
		{CFA858E1-E5B2-4A7E-8D87-27706AA26729}.Debug|Any CPU.ActiveCfg = Debug|Any CPU
		{CFA858E1-E5B2-4A7E-8D87-27706AA26729}.Debug|Any CPU.Build.0 = Debug|Any CPU
		{CFA858E1-E5B2-4A7E-8D87-27706AA26729}.Release|Any CPU.ActiveCfg = Release|Any CPU
		{CFA858E1-E5B2-4A7E-8D87-27706AA26729}.Release|Any CPU.Build.0 = Release|Any CPU
		{B5ECD717-B010-4965-86EA-5793344A157B}.Debug|Any CPU.ActiveCfg = Debug|Any CPU
		{B5ECD717-B010-4965-86EA-5793344A157B}.Debug|Any CPU.Build.0 = Debug|Any CPU
		{B5ECD717-B010-4965-86EA-5793344A157B}.Release|Any CPU.ActiveCfg = Release|Any CPU
		{B5ECD717-B010-4965-86EA-5793344A157B}.Release|Any CPU.Build.0 = Release|Any CPU
	EndGlobalSection
	GlobalSection(SolutionProperties) = preSolution
		HideSolutionNode = FALSE
	EndGlobalSection
	GlobalSection(ExtensibilityGlobals) = postSolution
		SolutionGuid = {C4D0CF49-B3C1-4E1F-82A7-8B9DC35D10FB}
	EndGlobalSection
EndGlobal
