
Microsoft Visual Studio Solution File, Format Version 12.00
# Visual Studio Version 17
VisualStudioVersion = 17.2.32630.192
MinimumVisualStudioVersion = 10.0.40219.1
Project("{9A19103F-16F7-4668-BE54-9A1E7A4F7556}") = "R5T.F0096.Construction", "R5T.F0096.Construction\R5T.F0096.Construction.csproj", "{F62BDA8F-432F-4A68-B26A-11C5191411DF}"
EndProject
Project("{9A19103F-16F7-4668-BE54-9A1E7A4F7556}") = "R5T.F0096", "R5T.F0096\R5T.F0096.csproj", "{951AE388-7653-47C9-B600-A8FA91DD3B1D}"
EndProject
Project("{2150E333-8FDC-42A3-9474-1A3956D46DE8}") = "_Dependencies", "_Dependencies", "{BECBAE9D-F287-49AF-9D64-18F2A29B5AF2}"
EndProject
Project("{9A19103F-16F7-4668-BE54-9A1E7A4F7556}") = "R5T.F0000", "..\..\R5T.F0000\source\R5T.F0000\R5T.F0000.csproj", "{A17AD04B-B615-46F8-BAB8-6F92B56AAA78}"
EndProject
Project("{9A19103F-16F7-4668-BE54-9A1E7A4F7556}") = "R5T.F0029", "..\..\R5T.F0029\source\R5T.F0029\R5T.F0029.csproj", "{D8480B67-59C7-4105-B26A-28E61F5A1BB0}"
EndProject
Project("{9A19103F-16F7-4668-BE54-9A1E7A4F7556}") = "R5T.L0015", "..\..\R5T.L0015\source\R5T.L0015\R5T.L0015.csproj", "{4E4921C5-327F-4E75-B70F-ACA1CDA4B199}"
EndProject
Project("{9A19103F-16F7-4668-BE54-9A1E7A4F7556}") = "R5T.T0131", "..\..\R5T.T0131\source\R5T.T0131\R5T.T0131.csproj", "{F2C7599F-6A87-4F2E-9CB6-CDAC2C37BADC}"
EndProject
Project("{9A19103F-16F7-4668-BE54-9A1E7A4F7556}") = "R5T.T0132", "..\..\R5T.T0132\source\R5T.T0132\R5T.T0132.csproj", "{E5F0FC45-FBA3-4DEB-B9C2-E07F386F0E5D}"
EndProject
Project("{9A19103F-16F7-4668-BE54-9A1E7A4F7556}") = "R5T.T0142", "..\..\R5T.T0142\source\R5T.T0142\R5T.T0142.csproj", "{17761910-5215-4884-9301-D0F6561F3F11}"
EndProject
Project("{9A19103F-16F7-4668-BE54-9A1E7A4F7556}") = "R5T.T0143", "..\..\R5T.T0143\source\R5T.T0143\R5T.T0143.csproj", "{15612C04-C3B0-45C8-8308-2B35D73A650A}"
EndProject
Project("{9A19103F-16F7-4668-BE54-9A1E7A4F7556}") = "R5T.Y0000", "..\..\R5T.Y0000\source\R5T.Y0000\R5T.Y0000.csproj", "{473F50C0-4B17-4724-B07B-9A064EEC5212}"
EndProject
Project("{9A19103F-16F7-4668-BE54-9A1E7A4F7556}") = "R5T.Z0000", "..\..\R5T.Z0000\source\R5T.Z0000\R5T.Z0000.csproj", "{A5187168-C269-4C71-959C-B275800FA7FA}"
EndProject
Project("{9A19103F-16F7-4668-BE54-9A1E7A4F7556}") = "R5T.T0144", "..\..\R5T.T0144\source\R5T.T0144\R5T.T0144.csproj", "{4A8964DB-3528-4041-9DAB-FD6392AEDD21}"
EndProject
Project("{9A19103F-16F7-4668-BE54-9A1E7A4F7556}") = "R5T.T0145", "..\..\R5T.T0145\source\R5T.T0145\R5T.T0145.csproj", "{DC6029B7-B962-46CC-9709-733168658323}"
EndProject
Global
	GlobalSection(SolutionConfigurationPlatforms) = preSolution
		Debug|Any CPU = Debug|Any CPU
		Release|Any CPU = Release|Any CPU
	EndGlobalSection
	GlobalSection(ProjectConfigurationPlatforms) = postSolution
		{F62BDA8F-432F-4A68-B26A-11C5191411DF}.Debug|Any CPU.ActiveCfg = Debug|Any CPU
		{F62BDA8F-432F-4A68-B26A-11C5191411DF}.Debug|Any CPU.Build.0 = Debug|Any CPU
		{F62BDA8F-432F-4A68-B26A-11C5191411DF}.Release|Any CPU.ActiveCfg = Release|Any CPU
		{F62BDA8F-432F-4A68-B26A-11C5191411DF}.Release|Any CPU.Build.0 = Release|Any CPU
		{951AE388-7653-47C9-B600-A8FA91DD3B1D}.Debug|Any CPU.ActiveCfg = Debug|Any CPU
		{951AE388-7653-47C9-B600-A8FA91DD3B1D}.Debug|Any CPU.Build.0 = Debug|Any CPU
		{951AE388-7653-47C9-B600-A8FA91DD3B1D}.Release|Any CPU.ActiveCfg = Release|Any CPU
		{951AE388-7653-47C9-B600-A8FA91DD3B1D}.Release|Any CPU.Build.0 = Release|Any CPU
		{A17AD04B-B615-46F8-BAB8-6F92B56AAA78}.Debug|Any CPU.ActiveCfg = Debug|Any CPU
		{A17AD04B-B615-46F8-BAB8-6F92B56AAA78}.Debug|Any CPU.Build.0 = Debug|Any CPU
		{A17AD04B-B615-46F8-BAB8-6F92B56AAA78}.Release|Any CPU.ActiveCfg = Release|Any CPU
		{A17AD04B-B615-46F8-BAB8-6F92B56AAA78}.Release|Any CPU.Build.0 = Release|Any CPU
		{D8480B67-59C7-4105-B26A-28E61F5A1BB0}.Debug|Any CPU.ActiveCfg = Debug|Any CPU
		{D8480B67-59C7-4105-B26A-28E61F5A1BB0}.Debug|Any CPU.Build.0 = Debug|Any CPU
		{D8480B67-59C7-4105-B26A-28E61F5A1BB0}.Release|Any CPU.ActiveCfg = Release|Any CPU
		{D8480B67-59C7-4105-B26A-28E61F5A1BB0}.Release|Any CPU.Build.0 = Release|Any CPU
		{4E4921C5-327F-4E75-B70F-ACA1CDA4B199}.Debug|Any CPU.ActiveCfg = Debug|Any CPU
		{4E4921C5-327F-4E75-B70F-ACA1CDA4B199}.Debug|Any CPU.Build.0 = Debug|Any CPU
		{4E4921C5-327F-4E75-B70F-ACA1CDA4B199}.Release|Any CPU.ActiveCfg = Release|Any CPU
		{4E4921C5-327F-4E75-B70F-ACA1CDA4B199}.Release|Any CPU.Build.0 = Release|Any CPU
		{F2C7599F-6A87-4F2E-9CB6-CDAC2C37BADC}.Debug|Any CPU.ActiveCfg = Debug|Any CPU
		{F2C7599F-6A87-4F2E-9CB6-CDAC2C37BADC}.Debug|Any CPU.Build.0 = Debug|Any CPU
		{F2C7599F-6A87-4F2E-9CB6-CDAC2C37BADC}.Release|Any CPU.ActiveCfg = Release|Any CPU
		{F2C7599F-6A87-4F2E-9CB6-CDAC2C37BADC}.Release|Any CPU.Build.0 = Release|Any CPU
		{E5F0FC45-FBA3-4DEB-B9C2-E07F386F0E5D}.Debug|Any CPU.ActiveCfg = Debug|Any CPU
		{E5F0FC45-FBA3-4DEB-B9C2-E07F386F0E5D}.Debug|Any CPU.Build.0 = Debug|Any CPU
		{E5F0FC45-FBA3-4DEB-B9C2-E07F386F0E5D}.Release|Any CPU.ActiveCfg = Release|Any CPU
		{E5F0FC45-FBA3-4DEB-B9C2-E07F386F0E5D}.Release|Any CPU.Build.0 = Release|Any CPU
		{17761910-5215-4884-9301-D0F6561F3F11}.Debug|Any CPU.ActiveCfg = Debug|Any CPU
		{17761910-5215-4884-9301-D0F6561F3F11}.Debug|Any CPU.Build.0 = Debug|Any CPU
		{17761910-5215-4884-9301-D0F6561F3F11}.Release|Any CPU.ActiveCfg = Release|Any CPU
		{17761910-5215-4884-9301-D0F6561F3F11}.Release|Any CPU.Build.0 = Release|Any CPU
		{15612C04-C3B0-45C8-8308-2B35D73A650A}.Debug|Any CPU.ActiveCfg = Debug|Any CPU
		{15612C04-C3B0-45C8-8308-2B35D73A650A}.Debug|Any CPU.Build.0 = Debug|Any CPU
		{15612C04-C3B0-45C8-8308-2B35D73A650A}.Release|Any CPU.ActiveCfg = Release|Any CPU
		{15612C04-C3B0-45C8-8308-2B35D73A650A}.Release|Any CPU.Build.0 = Release|Any CPU
		{473F50C0-4B17-4724-B07B-9A064EEC5212}.Debug|Any CPU.ActiveCfg = Debug|Any CPU
		{473F50C0-4B17-4724-B07B-9A064EEC5212}.Debug|Any CPU.Build.0 = Debug|Any CPU
		{473F50C0-4B17-4724-B07B-9A064EEC5212}.Release|Any CPU.ActiveCfg = Release|Any CPU
		{473F50C0-4B17-4724-B07B-9A064EEC5212}.Release|Any CPU.Build.0 = Release|Any CPU
		{A5187168-C269-4C71-959C-B275800FA7FA}.Debug|Any CPU.ActiveCfg = Debug|Any CPU
		{A5187168-C269-4C71-959C-B275800FA7FA}.Debug|Any CPU.Build.0 = Debug|Any CPU
		{A5187168-C269-4C71-959C-B275800FA7FA}.Release|Any CPU.ActiveCfg = Release|Any CPU
		{A5187168-C269-4C71-959C-B275800FA7FA}.Release|Any CPU.Build.0 = Release|Any CPU
		{4A8964DB-3528-4041-9DAB-FD6392AEDD21}.Debug|Any CPU.ActiveCfg = Debug|Any CPU
		{4A8964DB-3528-4041-9DAB-FD6392AEDD21}.Debug|Any CPU.Build.0 = Debug|Any CPU
		{4A8964DB-3528-4041-9DAB-FD6392AEDD21}.Release|Any CPU.ActiveCfg = Release|Any CPU
		{4A8964DB-3528-4041-9DAB-FD6392AEDD21}.Release|Any CPU.Build.0 = Release|Any CPU
		{DC6029B7-B962-46CC-9709-733168658323}.Debug|Any CPU.ActiveCfg = Debug|Any CPU
		{DC6029B7-B962-46CC-9709-733168658323}.Debug|Any CPU.Build.0 = Debug|Any CPU
		{DC6029B7-B962-46CC-9709-733168658323}.Release|Any CPU.ActiveCfg = Release|Any CPU
		{DC6029B7-B962-46CC-9709-733168658323}.Release|Any CPU.Build.0 = Release|Any CPU
	EndGlobalSection
	GlobalSection(SolutionProperties) = preSolution
		HideSolutionNode = FALSE
	EndGlobalSection
	GlobalSection(NestedProjects) = preSolution
		{A17AD04B-B615-46F8-BAB8-6F92B56AAA78} = {BECBAE9D-F287-49AF-9D64-18F2A29B5AF2}
		{D8480B67-59C7-4105-B26A-28E61F5A1BB0} = {BECBAE9D-F287-49AF-9D64-18F2A29B5AF2}
		{4E4921C5-327F-4E75-B70F-ACA1CDA4B199} = {BECBAE9D-F287-49AF-9D64-18F2A29B5AF2}
		{F2C7599F-6A87-4F2E-9CB6-CDAC2C37BADC} = {BECBAE9D-F287-49AF-9D64-18F2A29B5AF2}
		{E5F0FC45-FBA3-4DEB-B9C2-E07F386F0E5D} = {BECBAE9D-F287-49AF-9D64-18F2A29B5AF2}
		{17761910-5215-4884-9301-D0F6561F3F11} = {BECBAE9D-F287-49AF-9D64-18F2A29B5AF2}
		{15612C04-C3B0-45C8-8308-2B35D73A650A} = {BECBAE9D-F287-49AF-9D64-18F2A29B5AF2}
		{473F50C0-4B17-4724-B07B-9A064EEC5212} = {BECBAE9D-F287-49AF-9D64-18F2A29B5AF2}
		{A5187168-C269-4C71-959C-B275800FA7FA} = {BECBAE9D-F287-49AF-9D64-18F2A29B5AF2}
		{4A8964DB-3528-4041-9DAB-FD6392AEDD21} = {BECBAE9D-F287-49AF-9D64-18F2A29B5AF2}
		{DC6029B7-B962-46CC-9709-733168658323} = {BECBAE9D-F287-49AF-9D64-18F2A29B5AF2}
	EndGlobalSection
	GlobalSection(ExtensibilityGlobals) = postSolution
		SolutionGuid = {D1D1861E-B81F-4663-8BAC-6DD45B31EB09}
	EndGlobalSection
EndGlobal
